PODS:
  - SlideMenuControllerSwift (3.0.1)
  - SWRevealViewController (2.3.0)

DEPENDENCIES:
  - SlideMenuControllerSwift
  - SWRevealViewController

SPEC CHECKSUMS:
  SlideMenuControllerSwift: 9a163b16d54afab734add42858cba7ef7c307755
  SWRevealViewController: 6d3fd97f70112fd7cef9de14df4260eacce4c63a

PODFILE CHECKSUM: ef0b31f88a0f600a2a2e01d3a8e11c8a2a1f7f0a

COCOAPODS: 1.2.1
